
Microsoft Visual Studio Solution File, Format Version 12.00
# Visual Studio Version 17
VisualStudioVersion = 17.5.33516.290
MinimumVisualStudioVersion = 10.0.40219.1
Project("{9A19103F-16F7-4668-BE54-9A1E7A4F7556}") = "BNGCLI", "src\BNGCLI\BNGCLI.csproj", "{935AE2F8-D4E3-40DE-8D04-6803A7650B5B}"
EndProject
Project("{9A19103F-16F7-4668-BE54-9A1E7A4F7556}") = "BNGCORE", "src\BNGCORE\BNGCORE.csproj", "{F7F5D9B4-598D-4043-A447-641F91008D3C}"
EndProject
Project("{9A19103F-16F7-4668-BE54-9A1E7A4F7556}") = "BNGView", "src\BNGView\BNGView.csproj", "{C6B6B501-0A52-4B4A-AA52-907908D87065}"
EndProject
Global
	GlobalSection(SolutionConfigurationPlatforms) = preSolution
		Debug|Any CPU = Debug|Any CPU
		Release|Any CPU = Release|Any CPU
	EndGlobalSection
	GlobalSection(ProjectConfigurationPlatforms) = postSolution
		{935AE2F8-D4E3-40DE-8D04-6803A7650B5B}.Debug|Any CPU.ActiveCfg = Debug|Any CPU
		{935AE2F8-D4E3-40DE-8D04-6803A7650B5B}.Debug|Any CPU.Build.0 = Debug|Any CPU
		{935AE2F8-D4E3-40DE-8D04-6803A7650B5B}.Release|Any CPU.ActiveCfg = Release|Any CPU
		{935AE2F8-D4E3-40DE-8D04-6803A7650B5B}.Release|Any CPU.Build.0 = Release|Any CPU
		{F7F5D9B4-598D-4043-A447-641F91008D3C}.Debug|Any CPU.ActiveCfg = Debug|Any CPU
		{F7F5D9B4-598D-4043-A447-641F91008D3C}.Debug|Any CPU.Build.0 = Debug|Any CPU
		{F7F5D9B4-598D-4043-A447-641F91008D3C}.Release|Any CPU.ActiveCfg = Release|Any CPU
		{F7F5D9B4-598D-4043-A447-641F91008D3C}.Release|Any CPU.Build.0 = Release|Any CPU
		{C6B6B501-0A52-4B4A-AA52-907908D87065}.Debug|Any CPU.ActiveCfg = Debug|Any CPU
		{C6B6B501-0A52-4B4A-AA52-907908D87065}.Debug|Any CPU.Build.0 = Debug|Any CPU
		{C6B6B501-0A52-4B4A-AA52-907908D87065}.Release|Any CPU.ActiveCfg = Release|Any CPU
		{C6B6B501-0A52-4B4A-AA52-907908D87065}.Release|Any CPU.Build.0 = Release|Any CPU
	EndGlobalSection
	GlobalSection(SolutionProperties) = preSolution
		HideSolutionNode = FALSE
	EndGlobalSection
	GlobalSection(ExtensibilityGlobals) = postSolution
		SolutionGuid = {C3C1BCD7-0915-432F-A236-F2772CBD307A}
	EndGlobalSection
EndGlobal
